
Microsoft Visual Studio Solution File, Format Version 12.00
# Visual Studio Version 16
VisualStudioVersion = 16.0.30413.136
MinimumVisualStudioVersion = 10.0.40219.1
Project("{FAE04EC0-301F-11D3-BF4B-00C04F79EFBC}") = "Entidades", "Entidades\Entidades.csproj", "{ED19943D-80EC-409F-87B6-43FADE3909CA}"
EndProject
Project("{FAE04EC0-301F-11D3-BF4B-00C04F79EFBC}") = "MiCalculadora", "MiCalculadora\MiCalculadora.csproj", "{3FCD7E31-7E68-4753-9587-97771203FAEC}"
EndProject
Global
	GlobalSection(SolutionConfigurationPlatforms) = preSolution
		Debug|Any CPU = Debug|Any CPU
		Release|Any CPU = Release|Any CPU
	EndGlobalSection
	GlobalSection(ProjectConfigurationPlatforms) = postSolution
		{ED19943D-80EC-409F-87B6-43FADE3909CA}.Debug|Any CPU.ActiveCfg = Debug|Any CPU
		{ED19943D-80EC-409F-87B6-43FADE3909CA}.Debug|Any CPU.Build.0 = Debug|Any CPU
		{ED19943D-80EC-409F-87B6-43FADE3909CA}.Release|Any CPU.ActiveCfg = Release|Any CPU
		{ED19943D-80EC-409F-87B6-43FADE3909CA}.Release|Any CPU.Build.0 = Release|Any CPU
		{3FCD7E31-7E68-4753-9587-97771203FAEC}.Debug|Any CPU.ActiveCfg = Debug|Any CPU
		{3FCD7E31-7E68-4753-9587-97771203FAEC}.Debug|Any CPU.Build.0 = Debug|Any CPU
		{3FCD7E31-7E68-4753-9587-97771203FAEC}.Release|Any CPU.ActiveCfg = Release|Any CPU
		{3FCD7E31-7E68-4753-9587-97771203FAEC}.Release|Any CPU.Build.0 = Release|Any CPU
	EndGlobalSection
	GlobalSection(SolutionProperties) = preSolution
		HideSolutionNode = FALSE
	EndGlobalSection
	GlobalSection(ExtensibilityGlobals) = postSolution
		SolutionGuid = {8D5E26CC-1CC5-4F3B-92BA-042C36AC9E34}
	EndGlobalSection
EndGlobal
